
Microsoft Visual Studio Solution File, Format Version 12.00
# Visual Studio Version 16
VisualStudioVersion = 16.0.30310.162
MinimumVisualStudioVersion = 10.0.40219.1
Project("{8BC9CEB8-8B4A-11D0-8D11-00A0C91BC942}") = "password2", "password2.vcxproj", "{FEDBCF3F-655D-4810-AC08-33F4BA744547}"
EndProject
Global
	GlobalSection(SolutionConfigurationPlatforms) = preSolution
		Debug|x86 = Debug|x86
		Release|x86 = Release|x86
	EndGlobalSection
	GlobalSection(ProjectConfigurationPlatforms) = postSolution
		{FEDBCF3F-655D-4810-AC08-33F4BA744547}.Debug|x86.ActiveCfg = Debug|Win32
		{FEDBCF3F-655D-4810-AC08-33F4BA744547}.Debug|x86.Build.0 = Debug|Win32
		{FEDBCF3F-655D-4810-AC08-33F4BA744547}.Release|x86.ActiveCfg = Release|Win32
		{FEDBCF3F-655D-4810-AC08-33F4BA744547}.Release|x86.Build.0 = Release|Win32
	EndGlobalSection
	GlobalSection(SolutionProperties) = preSolution
		HideSolutionNode = FALSE
	EndGlobalSection
	GlobalSection(ExtensibilityGlobals) = postSolution
		SolutionGuid = {7A0927A2-EF96-4226-98D5-20D278ED7758}
	EndGlobalSection
EndGlobal
